PODS:
  - BRL (0.1.0):
    - Thrift
  - Thrift (1.1.1)

DEPENDENCIES:
  - BRL (from `local-pods/BRL`)
  - "Thrift (from `git@github.com:ramjet-labs/Thrift-Swift.git`, branch `brilliant-dev`)"

EXTERNAL SOURCES:
  BRL:
    :path: local-pods/BRL
  Thrift:
    :branch: brilliant-dev
    :git: "git@github.com:ramjet-labs/Thrift-Swift.git"

CHECKOUT OPTIONS:
  Thrift:
    :commit: 36ae901864660c4248fbd1b2d3f4d96a68c175d1
    :git: "git@github.com:ramjet-labs/Thrift-Swift.git"

SPEC CHECKSUMS:
  BRL: 556af7169357fe8deb57b8330afb6f12bade5291
  Thrift: ec1398cf0f7e39055d5d8aeb27df399f1becbc17

PODFILE CHECKSUM: 659995d5a80fc8086bb10cd5d53c88c3d514d329

COCOAPODS: 1.12.1
